
Microsoft Visual Studio Solution File, Format Version 12.00
# Visual Studio Version 16
VisualStudioVersion = 16.0.30717.126
MinimumVisualStudioVersion = 10.0.40219.1
Project("{FAE04EC0-301F-11D3-BF4B-00C04F79EFBC}") = "ECart.API", "ECart.API.csproj", "{FBADB449-6912-471B-9200-296D0F9F01C7}"
EndProject
Project("{FAE04EC0-301F-11D3-BF4B-00C04F79EFBC}") = "ECart.Business", "..\ECart.Business\ECart.Business.csproj", "{6430FBAC-0E3B-436E-ADD1-DD71CA4269FC}"
EndProject
Project("{FAE04EC0-301F-11D3-BF4B-00C04F79EFBC}") = "ECart.Data", "..\ECart.Data\ECart.Data.csproj", "{EC21AF85-4045-4FC4-A163-EB01D7DF6BF6}"
EndProject
Global
	GlobalSection(SolutionConfigurationPlatforms) = preSolution
		Debug|Any CPU = Debug|Any CPU
		Release|Any CPU = Release|Any CPU
	EndGlobalSection
	GlobalSection(ProjectConfigurationPlatforms) = postSolution
		{FBADB449-6912-471B-9200-296D0F9F01C7}.Debug|Any CPU.ActiveCfg = Debug|Any CPU
		{FBADB449-6912-471B-9200-296D0F9F01C7}.Debug|Any CPU.Build.0 = Debug|Any CPU
		{FBADB449-6912-471B-9200-296D0F9F01C7}.Release|Any CPU.ActiveCfg = Release|Any CPU
		{FBADB449-6912-471B-9200-296D0F9F01C7}.Release|Any CPU.Build.0 = Release|Any CPU
		{6430FBAC-0E3B-436E-ADD1-DD71CA4269FC}.Debug|Any CPU.ActiveCfg = Debug|Any CPU
		{6430FBAC-0E3B-436E-ADD1-DD71CA4269FC}.Debug|Any CPU.Build.0 = Debug|Any CPU
		{6430FBAC-0E3B-436E-ADD1-DD71CA4269FC}.Release|Any CPU.ActiveCfg = Release|Any CPU
		{6430FBAC-0E3B-436E-ADD1-DD71CA4269FC}.Release|Any CPU.Build.0 = Release|Any CPU
		{EC21AF85-4045-4FC4-A163-EB01D7DF6BF6}.Debug|Any CPU.ActiveCfg = Debug|Any CPU
		{EC21AF85-4045-4FC4-A163-EB01D7DF6BF6}.Debug|Any CPU.Build.0 = Debug|Any CPU
		{EC21AF85-4045-4FC4-A163-EB01D7DF6BF6}.Release|Any CPU.ActiveCfg = Release|Any CPU
		{EC21AF85-4045-4FC4-A163-EB01D7DF6BF6}.Release|Any CPU.Build.0 = Release|Any CPU
	EndGlobalSection
	GlobalSection(SolutionProperties) = preSolution
		HideSolutionNode = FALSE
	EndGlobalSection
	GlobalSection(ExtensibilityGlobals) = postSolution
		SolutionGuid = {232A339B-FE6F-4356-BE69-7BFAAB0D10A3}
	EndGlobalSection
EndGlobal
